
Microsoft Visual Studio Solution File, Format Version 12.00
# Visual Studio Version 17
VisualStudioVersion = 17.2.32602.215
MinimumVisualStudioVersion = 10.0.40219.1
Project("{FAE04EC0-301F-11D3-BF4B-00C04F79EFBC}") = "NuGetUpdate.Installer", "NuGetUpdate.Installer\NuGetUpdate.Installer.csproj", "{08AE98D9-733E-4DE7-A1EC-7849AD2C2A03}"
EndProject
Project("{FAE04EC0-301F-11D3-BF4B-00C04F79EFBC}") = "NuGetUpdate.Bootstrapper", "NuGetUpdate.Bootstrapper\NuGetUpdate.Bootstrapper.csproj", "{1B7DC47D-3A43-496F-AE58-F4FDE350B106}"
EndProject
Project("{FAE04EC0-301F-11D3-BF4B-00C04F79EFBC}") = "NuGetUpdate.Shared", "NuGetUpdate.Shared\NuGetUpdate.Shared.csproj", "{A4F5CE3A-9DA5-4201-B385-1DB504AAF3F2}"
EndProject
Project("{FAE04EC0-301F-11D3-BF4B-00C04F79EFBC}") = "NuGetUpdate", "NuGetUpdate\NuGetUpdate.csproj", "{E7CF9903-78E9-4C38-9296-9EAC77DAD668}"
EndProject
Project("{FAE04EC0-301F-11D3-BF4B-00C04F79EFBC}") = "NuGetUpdate.Demo", "NuGetUpdate.Demo\NuGetUpdate.Demo.csproj", "{2F1A81DE-503E-4429-A752-3529BCF1BBF4}"
EndProject
Project("{FAE04EC0-301F-11D3-BF4B-00C04F79EFBC}") = "NuGetUpdate.DemoServer", "NuGetUpdate.DemoServer\NuGetUpdate.DemoServer.csproj", "{0B12A30E-4354-45A4-B936-1CACFA3CED4E}"
EndProject
Global
	GlobalSection(SolutionConfigurationPlatforms) = preSolution
		Debug|Any CPU = Debug|Any CPU
		Debug|Mixed Platforms = Debug|Mixed Platforms
		Release|Any CPU = Release|Any CPU
		Release|Mixed Platforms = Release|Mixed Platforms
	EndGlobalSection
	GlobalSection(ProjectConfigurationPlatforms) = postSolution
		{08AE98D9-733E-4DE7-A1EC-7849AD2C2A03}.Debug|Any CPU.ActiveCfg = Debug|x86
		{08AE98D9-733E-4DE7-A1EC-7849AD2C2A03}.Debug|Any CPU.Build.0 = Debug|x86
		{08AE98D9-733E-4DE7-A1EC-7849AD2C2A03}.Debug|Mixed Platforms.ActiveCfg = Debug|x86
		{08AE98D9-733E-4DE7-A1EC-7849AD2C2A03}.Debug|Mixed Platforms.Build.0 = Debug|x86
		{08AE98D9-733E-4DE7-A1EC-7849AD2C2A03}.Release|Any CPU.ActiveCfg = Release|x86
		{08AE98D9-733E-4DE7-A1EC-7849AD2C2A03}.Release|Any CPU.Build.0 = Release|x86
		{08AE98D9-733E-4DE7-A1EC-7849AD2C2A03}.Release|Mixed Platforms.ActiveCfg = Release|x86
		{08AE98D9-733E-4DE7-A1EC-7849AD2C2A03}.Release|Mixed Platforms.Build.0 = Release|x86
		{1B7DC47D-3A43-496F-AE58-F4FDE350B106}.Debug|Any CPU.ActiveCfg = Debug|x86
		{1B7DC47D-3A43-496F-AE58-F4FDE350B106}.Debug|Any CPU.Build.0 = Debug|x86
		{1B7DC47D-3A43-496F-AE58-F4FDE350B106}.Debug|Mixed Platforms.ActiveCfg = Debug|x86
		{1B7DC47D-3A43-496F-AE58-F4FDE350B106}.Debug|Mixed Platforms.Build.0 = Debug|x86
		{1B7DC47D-3A43-496F-AE58-F4FDE350B106}.Release|Any CPU.ActiveCfg = Release|x86
		{1B7DC47D-3A43-496F-AE58-F4FDE350B106}.Release|Any CPU.Build.0 = Release|x86
		{1B7DC47D-3A43-496F-AE58-F4FDE350B106}.Release|Mixed Platforms.ActiveCfg = Release|x86
		{1B7DC47D-3A43-496F-AE58-F4FDE350B106}.Release|Mixed Platforms.Build.0 = Release|x86
		{A4F5CE3A-9DA5-4201-B385-1DB504AAF3F2}.Debug|Any CPU.ActiveCfg = Debug|Any CPU
		{A4F5CE3A-9DA5-4201-B385-1DB504AAF3F2}.Debug|Any CPU.Build.0 = Debug|Any CPU
		{A4F5CE3A-9DA5-4201-B385-1DB504AAF3F2}.Debug|Mixed Platforms.ActiveCfg = Debug|Any CPU
		{A4F5CE3A-9DA5-4201-B385-1DB504AAF3F2}.Debug|Mixed Platforms.Build.0 = Debug|Any CPU
		{A4F5CE3A-9DA5-4201-B385-1DB504AAF3F2}.Release|Any CPU.ActiveCfg = Release|Any CPU
		{A4F5CE3A-9DA5-4201-B385-1DB504AAF3F2}.Release|Any CPU.Build.0 = Release|Any CPU
		{A4F5CE3A-9DA5-4201-B385-1DB504AAF3F2}.Release|Mixed Platforms.ActiveCfg = Release|Any CPU
		{A4F5CE3A-9DA5-4201-B385-1DB504AAF3F2}.Release|Mixed Platforms.Build.0 = Release|Any CPU
		{E7CF9903-78E9-4C38-9296-9EAC77DAD668}.Debug|Any CPU.ActiveCfg = Debug|Any CPU
		{E7CF9903-78E9-4C38-9296-9EAC77DAD668}.Debug|Any CPU.Build.0 = Debug|Any CPU
		{E7CF9903-78E9-4C38-9296-9EAC77DAD668}.Debug|Mixed Platforms.ActiveCfg = Debug|Any CPU
		{E7CF9903-78E9-4C38-9296-9EAC77DAD668}.Debug|Mixed Platforms.Build.0 = Debug|Any CPU
		{E7CF9903-78E9-4C38-9296-9EAC77DAD668}.Release|Any CPU.ActiveCfg = Release|Any CPU
		{E7CF9903-78E9-4C38-9296-9EAC77DAD668}.Release|Any CPU.Build.0 = Release|Any CPU
		{E7CF9903-78E9-4C38-9296-9EAC77DAD668}.Release|Mixed Platforms.ActiveCfg = Release|Any CPU
		{E7CF9903-78E9-4C38-9296-9EAC77DAD668}.Release|Mixed Platforms.Build.0 = Release|Any CPU
		{2F1A81DE-503E-4429-A752-3529BCF1BBF4}.Debug|Any CPU.ActiveCfg = Debug|x86
		{2F1A81DE-503E-4429-A752-3529BCF1BBF4}.Debug|Any CPU.Build.0 = Debug|x86
		{2F1A81DE-503E-4429-A752-3529BCF1BBF4}.Debug|Mixed Platforms.ActiveCfg = Debug|x86
		{2F1A81DE-503E-4429-A752-3529BCF1BBF4}.Debug|Mixed Platforms.Build.0 = Debug|x86
		{2F1A81DE-503E-4429-A752-3529BCF1BBF4}.Release|Any CPU.ActiveCfg = Release|x86
		{2F1A81DE-503E-4429-A752-3529BCF1BBF4}.Release|Any CPU.Build.0 = Release|x86
		{2F1A81DE-503E-4429-A752-3529BCF1BBF4}.Release|Mixed Platforms.ActiveCfg = Release|x86
		{2F1A81DE-503E-4429-A752-3529BCF1BBF4}.Release|Mixed Platforms.Build.0 = Release|x86
		{0B12A30E-4354-45A4-B936-1CACFA3CED4E}.Debug|Any CPU.ActiveCfg = Debug|Any CPU
		{0B12A30E-4354-45A4-B936-1CACFA3CED4E}.Debug|Any CPU.Build.0 = Debug|Any CPU
		{0B12A30E-4354-45A4-B936-1CACFA3CED4E}.Debug|Mixed Platforms.ActiveCfg = Debug|Any CPU
		{0B12A30E-4354-45A4-B936-1CACFA3CED4E}.Debug|Mixed Platforms.Build.0 = Debug|Any CPU
		{0B12A30E-4354-45A4-B936-1CACFA3CED4E}.Release|Any CPU.ActiveCfg = Release|Any CPU
		{0B12A30E-4354-45A4-B936-1CACFA3CED4E}.Release|Any CPU.Build.0 = Release|Any CPU
		{0B12A30E-4354-45A4-B936-1CACFA3CED4E}.Release|Mixed Platforms.ActiveCfg = Release|Any CPU
		{0B12A30E-4354-45A4-B936-1CACFA3CED4E}.Release|Mixed Platforms.Build.0 = Release|Any CPU
	EndGlobalSection
	GlobalSection(SolutionProperties) = preSolution
		HideSolutionNode = FALSE
	EndGlobalSection
	GlobalSection(ExtensibilityGlobals) = postSolution
		SolutionGuid = {97BF0CA9-BF68-4F1D-BE73-2222E6EB7064}
	EndGlobalSection
EndGlobal
